
Microsoft Visual Studio Solution File, Format Version 12.00
# Visual Studio Version 17
VisualStudioVersion = 17.7.34024.191
MinimumVisualStudioVersion = 10.0.40219.1
Project("{FAE04EC0-301F-11D3-BF4B-00C04F79EFBC}") = "FishBuddy", "FishBuddy.csproj", "{38C6B9C3-6530-4C21-8495-AE5F4577D963}"
EndProject
Global
	GlobalSection(SolutionConfigurationPlatforms) = preSolution
		Debug|Any CPU = Debug|Any CPU
		Release|Any CPU = Release|Any CPU
	EndGlobalSection
	GlobalSection(ProjectConfigurationPlatforms) = postSolution
		{38C6B9C3-6530-4C21-8495-AE5F4577D963}.Debug|Any CPU.ActiveCfg = Debug|Any CPU
		{38C6B9C3-6530-4C21-8495-AE5F4577D963}.Debug|Any CPU.Build.0 = Debug|Any CPU
		{38C6B9C3-6530-4C21-8495-AE5F4577D963}.Release|Any CPU.ActiveCfg = Release|Any CPU
		{38C6B9C3-6530-4C21-8495-AE5F4577D963}.Release|Any CPU.Build.0 = Release|Any CPU
	EndGlobalSection
	GlobalSection(SolutionProperties) = preSolution
		HideSolutionNode = FALSE
	EndGlobalSection
	GlobalSection(ExtensibilityGlobals) = postSolution
		SolutionGuid = {BD5C3532-7287-44EF-826F-7C3F757E4FD7}
	EndGlobalSection
EndGlobal
